
Microsoft Visual Studio Solution File, Format Version 12.00
# Visual Studio Version 17
VisualStudioVersion = 17.8.34525.116
MinimumVisualStudioVersion = 10.0.40219.1
Project("{2150E333-8FDC-42A3-9474-1A3956D46DE8}") = "Services", "Services", "{5CCFE7CE-660C-47A0-BE10-56525F116529}"
EndProject
Project("{2150E333-8FDC-42A3-9474-1A3956D46DE8}") = "Order", "Order", "{22F18C4D-8605-4140-91D4-0E799EDD046D}"
EndProject
Project("{2150E333-8FDC-42A3-9474-1A3956D46DE8}") = "Stock", "Stock", "{6410C4D0-54A0-47BD-929B-99E225665791}"
EndProject
Project("{2150E333-8FDC-42A3-9474-1A3956D46DE8}") = "Payment", "Payment", "{5CFDC62F-E23D-4532-83C1-232861FC5FD0}"
EndProject
Project("{2150E333-8FDC-42A3-9474-1A3956D46DE8}") = "Shared", "Shared", "{6C8D165E-A797-4558-8357-C10958E15C1F}"
EndProject
Project("{9A19103F-16F7-4668-BE54-9A1E7A4F7556}") = "Shared", "Shared\Shared\Shared.csproj", "{6A25DF90-7F30-4EDA-8223-E6CCFCF4B4EF}"
EndProject
Project("{FAE04EC0-301F-11D3-BF4B-00C04F79EFBC}") = "Order.API", "Services\Order\Order.API\Order.API.csproj", "{31A29818-8840-4637-A334-4021A05F68FE}"
EndProject
Project("{FAE04EC0-301F-11D3-BF4B-00C04F79EFBC}") = "Payment.API", "Services\Payment\Payment.API\Payment.API.csproj", "{23A0AB53-ED53-4B9D-94C6-8B91352C76F7}"
EndProject
Project("{FAE04EC0-301F-11D3-BF4B-00C04F79EFBC}") = "Stock.API", "Services\Stock\Stock.API\Stock.API.csproj", "{F613F0C8-6EDB-42C0-A870-D0F60FE4131E}"
EndProject
Global
	GlobalSection(SolutionConfigurationPlatforms) = preSolution
		Debug|Any CPU = Debug|Any CPU
		Release|Any CPU = Release|Any CPU
	EndGlobalSection
	GlobalSection(ProjectConfigurationPlatforms) = postSolution
		{6A25DF90-7F30-4EDA-8223-E6CCFCF4B4EF}.Debug|Any CPU.ActiveCfg = Debug|Any CPU
		{6A25DF90-7F30-4EDA-8223-E6CCFCF4B4EF}.Debug|Any CPU.Build.0 = Debug|Any CPU
		{6A25DF90-7F30-4EDA-8223-E6CCFCF4B4EF}.Release|Any CPU.ActiveCfg = Release|Any CPU
		{6A25DF90-7F30-4EDA-8223-E6CCFCF4B4EF}.Release|Any CPU.Build.0 = Release|Any CPU
		{31A29818-8840-4637-A334-4021A05F68FE}.Debug|Any CPU.ActiveCfg = Debug|Any CPU
		{31A29818-8840-4637-A334-4021A05F68FE}.Debug|Any CPU.Build.0 = Debug|Any CPU
		{31A29818-8840-4637-A334-4021A05F68FE}.Release|Any CPU.ActiveCfg = Release|Any CPU
		{31A29818-8840-4637-A334-4021A05F68FE}.Release|Any CPU.Build.0 = Release|Any CPU
		{23A0AB53-ED53-4B9D-94C6-8B91352C76F7}.Debug|Any CPU.ActiveCfg = Debug|Any CPU
		{23A0AB53-ED53-4B9D-94C6-8B91352C76F7}.Debug|Any CPU.Build.0 = Debug|Any CPU
		{23A0AB53-ED53-4B9D-94C6-8B91352C76F7}.Release|Any CPU.ActiveCfg = Release|Any CPU
		{23A0AB53-ED53-4B9D-94C6-8B91352C76F7}.Release|Any CPU.Build.0 = Release|Any CPU
		{F613F0C8-6EDB-42C0-A870-D0F60FE4131E}.Debug|Any CPU.ActiveCfg = Debug|Any CPU
		{F613F0C8-6EDB-42C0-A870-D0F60FE4131E}.Debug|Any CPU.Build.0 = Debug|Any CPU
		{F613F0C8-6EDB-42C0-A870-D0F60FE4131E}.Release|Any CPU.ActiveCfg = Release|Any CPU
		{F613F0C8-6EDB-42C0-A870-D0F60FE4131E}.Release|Any CPU.Build.0 = Release|Any CPU
	EndGlobalSection
	GlobalSection(SolutionProperties) = preSolution
		HideSolutionNode = FALSE
	EndGlobalSection
	GlobalSection(NestedProjects) = preSolution
		{22F18C4D-8605-4140-91D4-0E799EDD046D} = {5CCFE7CE-660C-47A0-BE10-56525F116529}
		{6410C4D0-54A0-47BD-929B-99E225665791} = {5CCFE7CE-660C-47A0-BE10-56525F116529}
		{5CFDC62F-E23D-4532-83C1-232861FC5FD0} = {5CCFE7CE-660C-47A0-BE10-56525F116529}
		{6A25DF90-7F30-4EDA-8223-E6CCFCF4B4EF} = {6C8D165E-A797-4558-8357-C10958E15C1F}
		{31A29818-8840-4637-A334-4021A05F68FE} = {22F18C4D-8605-4140-91D4-0E799EDD046D}
		{23A0AB53-ED53-4B9D-94C6-8B91352C76F7} = {5CFDC62F-E23D-4532-83C1-232861FC5FD0}
		{F613F0C8-6EDB-42C0-A870-D0F60FE4131E} = {6410C4D0-54A0-47BD-929B-99E225665791}
	EndGlobalSection
	GlobalSection(ExtensibilityGlobals) = postSolution
		SolutionGuid = {9AC7734F-E719-4A8B-B607-C90D00772CC3}
	EndGlobalSection
EndGlobal
