
Microsoft Visual Studio Solution File, Format Version 12.00
# Visual Studio Version 17
VisualStudioVersion = 17.8.34525.116
MinimumVisualStudioVersion = 10.0.40219.1
Project("{FAE04EC0-301F-11D3-BF4B-00C04F79EFBC}") = "EventSourcing.Shared", "EventSourcing.Shared\EventSourcing.Shared.csproj", "{AE368D14-D17C-4F91-9BA4-E7214F124ABD}"
EndProject
Project("{FAE04EC0-301F-11D3-BF4B-00C04F79EFBC}") = "EventSourcing.API", "EventSourcing.API\EventSourcing.API.csproj", "{206131B1-9A03-4456-9FD9-0986B244682C}"
EndProject
Global
	GlobalSection(SolutionConfigurationPlatforms) = preSolution
		Debug|Any CPU = Debug|Any CPU
		Release|Any CPU = Release|Any CPU
	EndGlobalSection
	GlobalSection(ProjectConfigurationPlatforms) = postSolution
		{AE368D14-D17C-4F91-9BA4-E7214F124ABD}.Debug|Any CPU.ActiveCfg = Debug|Any CPU
		{AE368D14-D17C-4F91-9BA4-E7214F124ABD}.Debug|Any CPU.Build.0 = Debug|Any CPU
		{AE368D14-D17C-4F91-9BA4-E7214F124ABD}.Release|Any CPU.ActiveCfg = Release|Any CPU
		{AE368D14-D17C-4F91-9BA4-E7214F124ABD}.Release|Any CPU.Build.0 = Release|Any CPU
		{206131B1-9A03-4456-9FD9-0986B244682C}.Debug|Any CPU.ActiveCfg = Debug|Any CPU
		{206131B1-9A03-4456-9FD9-0986B244682C}.Debug|Any CPU.Build.0 = Debug|Any CPU
		{206131B1-9A03-4456-9FD9-0986B244682C}.Release|Any CPU.ActiveCfg = Release|Any CPU
		{206131B1-9A03-4456-9FD9-0986B244682C}.Release|Any CPU.Build.0 = Release|Any CPU
	EndGlobalSection
	GlobalSection(SolutionProperties) = preSolution
		HideSolutionNode = FALSE
	EndGlobalSection
	GlobalSection(ExtensibilityGlobals) = postSolution
		SolutionGuid = {9AC7734F-E719-4A8B-B607-C90D00772CC3}
	EndGlobalSection
EndGlobal
